<?xml version="1.0" encoding="utf-8"?>
<Project ToolsVersion="4.0" xmlns="http://schemas.microsoft.com/developer/msbuild/2003">
  <ItemGroup>
    <Filter Include="Resource Files">
      <UniqueIdentifier>{67DA6AB6-F800-4c08-8B7A-83BB121AAD01}</UniqueIdentifier>
      <Extensions>rc;ico;cur;bmp;dlg;rc2;rct;bin;rgs;gif;jpg;jpeg;jpe;resx;tiff;tif;png;wav;mfcribbon-ms</Extensions>
    </Filter>
    <Filter Include="Vendor">
      <UniqueIdentifier>{d82582d4-2236-4452-984b-d83d1f529aca}</UniqueIdentifier>
    </Filter>
    <Filter Include="Engine">
      <UniqueIdentifier>{473f5fca-f132-4205-9a70-81aa6b08d297}</UniqueIdentifier>
    </Filter>
    <Filter Include="Application">
      <UniqueIdentifier>{df751939-89e7-415e-85b4-9005cf33a509}</UniqueIdentifier>
    </Filter>
    <Filter Include="Engine\Input">
      <UniqueIdentifier>{b08965f4-b38b-4414-889e-416ce3e46a31}</UniqueIdentifier>
    </Filter>
    <Filter Include="Engine\RenderLayer">
      <UniqueIdentifier>{fc259161-8b1a-471c-9612-0a74518d6d36}</UniqueIdentifier>
    </Filter>
    <Filter Include="Engine\Window">
      <UniqueIdentifier>{1b5a2da0-09b2-4948-9ce2-7543f1b77e49}</UniqueIdentifier>
    </Filter>
    <Filter Include="Engine\EventSystem">
      <UniqueIdentifier>{89ebb851-2f50-4909-955e-49acfc75ada0}</UniqueIdentifier>
    </Filter>
    <Filter Include="Engine\EventSystem\Events">
      <UniqueIdentifier>{f620e456-7603-4053-afb4-38fdbd0e3664}</UniqueIdentifier>
    </Filter>
    <Filter Include="Engine\EventSystem\EventSubscribers">
      <UniqueIdentifier>{44f98bd7-8f46-40e9-84c2-89a77a9d5164}</UniqueIdentifier>
    </Filter>
    <Filter Include="Engine\RenderLayer\Layers">
      <UniqueIdentifier>{a2efa329-d0ff-4b86-b4bb-cc20b10d5c92}</UniqueIdentifier>
    </Filter>
    <Filter Include="Vendor\ImGui">
      <UniqueIdentifier>{e301ffdf-ec63-4faa-a238-646bf4611292}</UniqueIdentifier>
    </Filter>
  </ItemGroup>
  <ItemGroup>
    <ClCompile Include="main.cpp" />
    <ClCompile Include="glad.c">
      <Filter>Vendor</Filter>
    </ClCompile>
    <ClCompile Include="imgui\imgui.cpp">
      <Filter>Vendor\ImGui</Filter>
    </ClCompile>
    <ClCompile Include="imgui\imgui_demo.cpp">
      <Filter>Vendor\ImGui</Filter>
    </ClCompile>
    <ClCompile Include="imgui\imgui_draw.cpp">
      <Filter>Vendor\ImGui</Filter>
    </ClCompile>
    <ClCompile Include="imgui\imgui_impl_glfw.cpp">
      <Filter>Vendor\ImGui</Filter>
    </ClCompile>
    <ClCompile Include="imgui\imgui_impl_opengl3.cpp">
      <Filter>Vendor\ImGui</Filter>
    </ClCompile>
    <ClCompile Include="imgui\imgui_tables.cpp">
      <Filter>Vendor\ImGui</Filter>
    </ClCompile>
    <ClCompile Include="imgui\imgui_widgets.cpp">
      <Filter>Vendor\ImGui</Filter>
    </ClCompile>
  </ItemGroup>
  <ItemGroup>
    <ClInclude Include="Window.h">
      <Filter>Engine\Window</Filter>
    </ClInclude>
    <ClInclude Include="WindowProps.h">
      <Filter>Engine\Window</Filter>
    </ClInclude>
    <ClInclude Include="Logger.h" />
    <ClInclude Include="Event.h">
      <Filter>Engine\EventSystem\Events</Filter>
    </ClInclude>
    <ClInclude Include="EventSubscriber.h">
      <Filter>Engine\EventSystem\EventSubscribers</Filter>
    </ClInclude>
    <ClInclude Include="EventDispatcher.h">
      <Filter>Engine\EventSystem</Filter>
    </ClInclude>
    <ClInclude Include="OnUpdateEvent.h">
      <Filter>Engine\EventSystem\Events</Filter>
    </ClInclude>
    <ClInclude Include="OnUpdateSubscriber.h">
      <Filter>Engine\EventSystem\EventSubscribers</Filter>
    </ClInclude>
    <ClInclude Include="RenderLayersSet.h">
      <Filter>Engine\RenderLayer</Filter>
    </ClInclude>
    <ClInclude Include="RenderLayer.h">
      <Filter>Engine\RenderLayer</Filter>
    </ClInclude>
    <ClInclude Include="Engine.h">
      <Filter>Engine</Filter>
    </ClInclude>
    <ClInclude Include="Input.h">
      <Filter>Engine\Input</Filter>
    </ClInclude>
    <ClInclude Include="KeyCode.h">
      <Filter>Engine\Input</Filter>
    </ClInclude>
    <ClInclude Include="MouseInput.h">
      <Filter>Engine\Input</Filter>
    </ClInclude>
    <ClInclude Include="Application.h">
      <Filter>Application</Filter>
    </ClInclude>
    <ClInclude Include="AloyDemoApp.h">
      <Filter>Application</Filter>
    </ClInclude>
    <ClInclude Include="CursorModes.h">
      <Filter>Engine\Window</Filter>
    </ClInclude>
    <ClInclude Include="imgui\imconfig.h">
      <Filter>Vendor\ImGui</Filter>
    </ClInclude>
    <ClInclude Include="imgui\imgui.h">
      <Filter>Vendor\ImGui</Filter>
    </ClInclude>
    <ClInclude Include="imgui\imgui_impl_glfw.h">
      <Filter>Vendor\ImGui</Filter>
    </ClInclude>
    <ClInclude Include="imgui\imgui_impl_opengl3.h">
      <Filter>Vendor\ImGui</Filter>
    </ClInclude>
    <ClInclude Include="imgui\imgui_internal.h">
      <Filter>Vendor\ImGui</Filter>
    </ClInclude>
    <ClInclude Include="imgui\imstb_rectpack.h">
      <Filter>Vendor\ImGui</Filter>
    </ClInclude>
    <ClInclude Include="imgui\imstb_textedit.h">
      <Filter>Vendor\ImGui</Filter>
    </ClInclude>
    <ClInclude Include="imgui\imstb_truetype.h">
      <Filter>Vendor\ImGui</Filter>
    </ClInclude>
    <ClInclude Include="ImGuiLayer.h">
      <Filter>Engine\RenderLayer\Layers</Filter>
    </ClInclude>
  </ItemGroup>
</Project>